
Microsoft Visual Studio Solution File, Format Version 12.00
# Visual Studio Version 16
VisualStudioVersion = 16.0.33328.57
MinimumVisualStudioVersion = 10.0.40219.1
Project("{FAE04EC0-301F-11D3-BF4B-00C04F79EFBC}") = "Mobie", "Mobie.csproj", "{14DD05F3-B9CC-4EBD-9C7D-FF95D5462FA9}"
EndProject
Global
	GlobalSection(SolutionConfigurationPlatforms) = preSolution
		Debug|Any CPU = Debug|Any CPU
		Release|Any CPU = Release|Any CPU
	EndGlobalSection
	GlobalSection(ProjectConfigurationPlatforms) = postSolution
		{14DD05F3-B9CC-4EBD-9C7D-FF95D5462FA9}.Debug|Any CPU.ActiveCfg = Debug|Any CPU
		{14DD05F3-B9CC-4EBD-9C7D-FF95D5462FA9}.Debug|Any CPU.Build.0 = Debug|Any CPU
		{14DD05F3-B9CC-4EBD-9C7D-FF95D5462FA9}.Release|Any CPU.ActiveCfg = Release|Any CPU
		{14DD05F3-B9CC-4EBD-9C7D-FF95D5462FA9}.Release|Any CPU.Build.0 = Release|Any CPU
	EndGlobalSection
	GlobalSection(SolutionProperties) = preSolution
		HideSolutionNode = FALSE
	EndGlobalSection
	GlobalSection(ExtensibilityGlobals) = postSolution
		SolutionGuid = {4B28BEEC-F099-4EFD-A820-8FC82A9A8830}
	EndGlobalSection
EndGlobal
